
Microsoft Visual Studio Solution File, Format Version 12.00
# Visual Studio Version 17
VisualStudioVersion = 17.7.34221.43
MinimumVisualStudioVersion = 10.0.40219.1
Project("{FAE04EC0-301F-11D3-BF4B-00C04F79EFBC}") = "Cars_Web", "Cars_Web.csproj", "{CB433C7A-FA35-4ED6-9348-C85819616BC8}"
EndProject
Global
	GlobalSection(SolutionConfigurationPlatforms) = preSolution
		Debug|Any CPU = Debug|Any CPU
		Release|Any CPU = Release|Any CPU
	EndGlobalSection
	GlobalSection(ProjectConfigurationPlatforms) = postSolution
		{CB433C7A-FA35-4ED6-9348-C85819616BC8}.Debug|Any CPU.ActiveCfg = Debug|Any CPU
		{CB433C7A-FA35-4ED6-9348-C85819616BC8}.Debug|Any CPU.Build.0 = Debug|Any CPU
		{CB433C7A-FA35-4ED6-9348-C85819616BC8}.Release|Any CPU.ActiveCfg = Release|Any CPU
		{CB433C7A-FA35-4ED6-9348-C85819616BC8}.Release|Any CPU.Build.0 = Release|Any CPU
	EndGlobalSection
	GlobalSection(SolutionProperties) = preSolution
		HideSolutionNode = FALSE
	EndGlobalSection
	GlobalSection(ExtensibilityGlobals) = postSolution
		SolutionGuid = {8C5D020A-5905-4F6C-9B57-D7B39F2F01A3}
	EndGlobalSection
EndGlobal
